
Microsoft Visual Studio Solution File, Format Version 12.00
Project("{FAE04EC0-301F-11D3-BF4B-00C04F79EFBC}") = "EpointPlugin", "EpointPlugin\EpointPlugin.csproj", "{D05C8373-EF90-494B-ADA7-CB73C0F7CC40}"
EndProject
Global
	GlobalSection(SolutionConfigurationPlatforms) = preSolution
		Debug|Any CPU = Debug|Any CPU
		Release|Any CPU = Release|Any CPU
	EndGlobalSection
	GlobalSection(ProjectConfigurationPlatforms) = postSolution
		{D05C8373-EF90-494B-ADA7-CB73C0F7CC40}.Debug|Any CPU.ActiveCfg = Debug|Any CPU
		{D05C8373-EF90-494B-ADA7-CB73C0F7CC40}.Debug|Any CPU.Build.0 = Debug|Any CPU
		{D05C8373-EF90-494B-ADA7-CB73C0F7CC40}.Release|Any CPU.ActiveCfg = Release|Any CPU
		{D05C8373-EF90-494B-ADA7-CB73C0F7CC40}.Release|Any CPU.Build.0 = Release|Any CPU
	EndGlobalSection
EndGlobal
